
Microsoft Visual Studio Solution File, Format Version 12.00
# Visual Studio Version 16
VisualStudioVersion = 16.0.31019.35
MinimumVisualStudioVersion = 10.0.40219.1
Project("{FAE04EC0-301F-11D3-BF4B-00C04F79EFBC}") = "ejercicio1", "ejercicio1\ejercicio1.csproj", "{07F41B90-8CBF-41E5-9A90-8E16AAF6AC08}"
EndProject
Global
	GlobalSection(SolutionConfigurationPlatforms) = preSolution
		Debug|Any CPU = Debug|Any CPU
		Release|Any CPU = Release|Any CPU
	EndGlobalSection
	GlobalSection(ProjectConfigurationPlatforms) = postSolution
		{07F41B90-8CBF-41E5-9A90-8E16AAF6AC08}.Debug|Any CPU.ActiveCfg = Debug|Any CPU
		{07F41B90-8CBF-41E5-9A90-8E16AAF6AC08}.Debug|Any CPU.Build.0 = Debug|Any CPU
		{07F41B90-8CBF-41E5-9A90-8E16AAF6AC08}.Release|Any CPU.ActiveCfg = Release|Any CPU
		{07F41B90-8CBF-41E5-9A90-8E16AAF6AC08}.Release|Any CPU.Build.0 = Release|Any CPU
	EndGlobalSection
	GlobalSection(SolutionProperties) = preSolution
		HideSolutionNode = FALSE
	EndGlobalSection
	GlobalSection(ExtensibilityGlobals) = postSolution
		SolutionGuid = {4FE5FF70-C51C-413E-8358-BF4B4F005493}
	EndGlobalSection
EndGlobal
